
Microsoft Visual Studio Solution File, Format Version 12.00
# Visual Studio Version 16
VisualStudioVersion = 16.0.31205.134
MinimumVisualStudioVersion = 10.0.40219.1
Project("{FAE04EC0-301F-11D3-BF4B-00C04F79EFBC}") = "ArrayCloning", "ArrayCloning.csproj", "{BCB80E3D-CD51-4B16-BBFA-9226B1B42C67}"
EndProject
Global
	GlobalSection(SolutionConfigurationPlatforms) = preSolution
		Debug|Any CPU = Debug|Any CPU
		Release|Any CPU = Release|Any CPU
	EndGlobalSection
	GlobalSection(ProjectConfigurationPlatforms) = postSolution
		{BCB80E3D-CD51-4B16-BBFA-9226B1B42C67}.Debug|Any CPU.ActiveCfg = Debug|Any CPU
		{BCB80E3D-CD51-4B16-BBFA-9226B1B42C67}.Debug|Any CPU.Build.0 = Debug|Any CPU
		{BCB80E3D-CD51-4B16-BBFA-9226B1B42C67}.Release|Any CPU.ActiveCfg = Release|Any CPU
		{BCB80E3D-CD51-4B16-BBFA-9226B1B42C67}.Release|Any CPU.Build.0 = Release|Any CPU
	EndGlobalSection
	GlobalSection(SolutionProperties) = preSolution
		HideSolutionNode = FALSE
	EndGlobalSection
	GlobalSection(ExtensibilityGlobals) = postSolution
		SolutionGuid = {51CEA97D-F818-47ED-A77D-3F929768E063}
	EndGlobalSection
EndGlobal
