
Microsoft Visual Studio Solution File, Format Version 12.00
# Visual Studio Version 16
VisualStudioVersion = 16.0.31205.134
MinimumVisualStudioVersion = 10.0.40219.1
Project("{FAE04EC0-301F-11D3-BF4B-00C04F79EFBC}") = "TakeAway", "TakeAway.csproj", "{C2332B67-65C5-4D39-8BBD-91ACA453A9E5}"
EndProject
Global
	GlobalSection(SolutionConfigurationPlatforms) = preSolution
		Debug|Any CPU = Debug|Any CPU
		Release|Any CPU = Release|Any CPU
	EndGlobalSection
	GlobalSection(ProjectConfigurationPlatforms) = postSolution
		{C2332B67-65C5-4D39-8BBD-91ACA453A9E5}.Debug|Any CPU.ActiveCfg = Debug|Any CPU
		{C2332B67-65C5-4D39-8BBD-91ACA453A9E5}.Debug|Any CPU.Build.0 = Debug|Any CPU
		{C2332B67-65C5-4D39-8BBD-91ACA453A9E5}.Release|Any CPU.ActiveCfg = Release|Any CPU
		{C2332B67-65C5-4D39-8BBD-91ACA453A9E5}.Release|Any CPU.Build.0 = Release|Any CPU
	EndGlobalSection
	GlobalSection(SolutionProperties) = preSolution
		HideSolutionNode = FALSE
	EndGlobalSection
	GlobalSection(ExtensibilityGlobals) = postSolution
		SolutionGuid = {F426894F-C8AB-4F77-8BCA-A92145B0D7F7}
	EndGlobalSection
EndGlobal
