
Microsoft Visual Studio Solution File, Format Version 12.00
# Visual Studio Version 16
VisualStudioVersion = 16.0.31205.134
MinimumVisualStudioVersion = 10.0.40219.1
Project("{FAE04EC0-301F-11D3-BF4B-00C04F79EFBC}") = "ArrayParam", "ArrayParam.csproj", "{FC2050A9-307B-4C3E-BEB2-D331A3319EE0}"
EndProject
Global
	GlobalSection(SolutionConfigurationPlatforms) = preSolution
		Debug|Any CPU = Debug|Any CPU
		Release|Any CPU = Release|Any CPU
	EndGlobalSection
	GlobalSection(ProjectConfigurationPlatforms) = postSolution
		{FC2050A9-307B-4C3E-BEB2-D331A3319EE0}.Debug|Any CPU.ActiveCfg = Debug|Any CPU
		{FC2050A9-307B-4C3E-BEB2-D331A3319EE0}.Debug|Any CPU.Build.0 = Debug|Any CPU
		{FC2050A9-307B-4C3E-BEB2-D331A3319EE0}.Release|Any CPU.ActiveCfg = Release|Any CPU
		{FC2050A9-307B-4C3E-BEB2-D331A3319EE0}.Release|Any CPU.Build.0 = Release|Any CPU
	EndGlobalSection
	GlobalSection(SolutionProperties) = preSolution
		HideSolutionNode = FALSE
	EndGlobalSection
	GlobalSection(ExtensibilityGlobals) = postSolution
		SolutionGuid = {8961B068-9BEB-47C2-8362-56F9D34D14B5}
	EndGlobalSection
EndGlobal
