
Microsoft Visual Studio Solution File, Format Version 12.00
# Visual Studio Version 16
VisualStudioVersion = 16.0.31515.178
MinimumVisualStudioVersion = 10.0.40219.1
Project("{FAE04EC0-301F-11D3-BF4B-00C04F79EFBC}") = "AwaitandAsync", "AwaitandAsync.csproj", "{B768B6DE-E1D0-4CE0-A5C0-81C820934015}"
EndProject
Global
	GlobalSection(SolutionConfigurationPlatforms) = preSolution
		Debug|Any CPU = Debug|Any CPU
		Release|Any CPU = Release|Any CPU
	EndGlobalSection
	GlobalSection(ProjectConfigurationPlatforms) = postSolution
		{B768B6DE-E1D0-4CE0-A5C0-81C820934015}.Debug|Any CPU.ActiveCfg = Debug|Any CPU
		{B768B6DE-E1D0-4CE0-A5C0-81C820934015}.Debug|Any CPU.Build.0 = Debug|Any CPU
		{B768B6DE-E1D0-4CE0-A5C0-81C820934015}.Release|Any CPU.ActiveCfg = Release|Any CPU
		{B768B6DE-E1D0-4CE0-A5C0-81C820934015}.Release|Any CPU.Build.0 = Release|Any CPU
	EndGlobalSection
	GlobalSection(SolutionProperties) = preSolution
		HideSolutionNode = FALSE
	EndGlobalSection
	GlobalSection(ExtensibilityGlobals) = postSolution
		SolutionGuid = {98BF3435-3FCA-4DEF-A403-59B2E3C8540F}
	EndGlobalSection
EndGlobal
