
Microsoft Visual Studio Solution File, Format Version 12.00
# Visual Studio Version 16
VisualStudioVersion = 16.0.31321.278
MinimumVisualStudioVersion = 10.0.40219.1
Project("{FAE04EC0-301F-11D3-BF4B-00C04F79EFBC}") = "BallsBowled", "BallsBowled.csproj", "{1A393397-7F40-4CC3-80B4-46893DD7ED22}"
EndProject
Global
	GlobalSection(SolutionConfigurationPlatforms) = preSolution
		Debug|Any CPU = Debug|Any CPU
		Release|Any CPU = Release|Any CPU
	EndGlobalSection
	GlobalSection(ProjectConfigurationPlatforms) = postSolution
		{1A393397-7F40-4CC3-80B4-46893DD7ED22}.Debug|Any CPU.ActiveCfg = Debug|Any CPU
		{1A393397-7F40-4CC3-80B4-46893DD7ED22}.Debug|Any CPU.Build.0 = Debug|Any CPU
		{1A393397-7F40-4CC3-80B4-46893DD7ED22}.Release|Any CPU.ActiveCfg = Release|Any CPU
		{1A393397-7F40-4CC3-80B4-46893DD7ED22}.Release|Any CPU.Build.0 = Release|Any CPU
	EndGlobalSection
	GlobalSection(SolutionProperties) = preSolution
		HideSolutionNode = FALSE
	EndGlobalSection
	GlobalSection(ExtensibilityGlobals) = postSolution
		SolutionGuid = {D8C92CD6-B64F-433A-B673-D51C8283B856}
	EndGlobalSection
EndGlobal
