
Microsoft Visual Studio Solution File, Format Version 12.00
# Visual Studio Version 16
VisualStudioVersion = 16.0.31321.278
MinimumVisualStudioVersion = 10.0.40219.1
Project("{FAE04EC0-301F-11D3-BF4B-00C04F79EFBC}") = "LinqCheck", "LinqCheck.csproj", "{FB43AFB2-89FF-49BA-B6EE-6B90EBB4918A}"
EndProject
Global
	GlobalSection(SolutionConfigurationPlatforms) = preSolution
		Debug|Any CPU = Debug|Any CPU
		Release|Any CPU = Release|Any CPU
	EndGlobalSection
	GlobalSection(ProjectConfigurationPlatforms) = postSolution
		{FB43AFB2-89FF-49BA-B6EE-6B90EBB4918A}.Debug|Any CPU.ActiveCfg = Debug|Any CPU
		{FB43AFB2-89FF-49BA-B6EE-6B90EBB4918A}.Debug|Any CPU.Build.0 = Debug|Any CPU
		{FB43AFB2-89FF-49BA-B6EE-6B90EBB4918A}.Release|Any CPU.ActiveCfg = Release|Any CPU
		{FB43AFB2-89FF-49BA-B6EE-6B90EBB4918A}.Release|Any CPU.Build.0 = Release|Any CPU
	EndGlobalSection
	GlobalSection(SolutionProperties) = preSolution
		HideSolutionNode = FALSE
	EndGlobalSection
	GlobalSection(ExtensibilityGlobals) = postSolution
		SolutionGuid = {6263097E-3769-42B1-B627-079DC158EABB}
	EndGlobalSection
EndGlobal
