
Microsoft Visual Studio Solution File, Format Version 12.00
# Visual Studio Version 16
VisualStudioVersion = 16.0.31205.134
MinimumVisualStudioVersion = 10.0.40219.1
Project("{FAE04EC0-301F-11D3-BF4B-00C04F79EFBC}") = "Putaway", "Putaway.csproj", "{B1CA5321-F7D3-4A4B-98FE-FD7FEB14C26C}"
EndProject
Global
	GlobalSection(SolutionConfigurationPlatforms) = preSolution
		Debug|Any CPU = Debug|Any CPU
		Release|Any CPU = Release|Any CPU
	EndGlobalSection
	GlobalSection(ProjectConfigurationPlatforms) = postSolution
		{B1CA5321-F7D3-4A4B-98FE-FD7FEB14C26C}.Debug|Any CPU.ActiveCfg = Debug|Any CPU
		{B1CA5321-F7D3-4A4B-98FE-FD7FEB14C26C}.Debug|Any CPU.Build.0 = Debug|Any CPU
		{B1CA5321-F7D3-4A4B-98FE-FD7FEB14C26C}.Release|Any CPU.ActiveCfg = Release|Any CPU
		{B1CA5321-F7D3-4A4B-98FE-FD7FEB14C26C}.Release|Any CPU.Build.0 = Release|Any CPU
	EndGlobalSection
	GlobalSection(SolutionProperties) = preSolution
		HideSolutionNode = FALSE
	EndGlobalSection
	GlobalSection(ExtensibilityGlobals) = postSolution
		SolutionGuid = {90112DC9-B437-4E68-BB59-750268F438F5}
	EndGlobalSection
EndGlobal
