
Microsoft Visual Studio Solution File, Format Version 12.00
# Visual Studio Version 16
VisualStudioVersion = 16.0.31205.134
MinimumVisualStudioVersion = 10.0.40219.1
Project("{FAE04EC0-301F-11D3-BF4B-00C04F79EFBC}") = "Method", "Method.csproj", "{3D1DBA95-302D-4B80-99B3-49D7C70BBA92}"
EndProject
Global
	GlobalSection(SolutionConfigurationPlatforms) = preSolution
		Debug|Any CPU = Debug|Any CPU
		Release|Any CPU = Release|Any CPU
	EndGlobalSection
	GlobalSection(ProjectConfigurationPlatforms) = postSolution
		{3D1DBA95-302D-4B80-99B3-49D7C70BBA92}.Debug|Any CPU.ActiveCfg = Debug|Any CPU
		{3D1DBA95-302D-4B80-99B3-49D7C70BBA92}.Debug|Any CPU.Build.0 = Debug|Any CPU
		{3D1DBA95-302D-4B80-99B3-49D7C70BBA92}.Release|Any CPU.ActiveCfg = Release|Any CPU
		{3D1DBA95-302D-4B80-99B3-49D7C70BBA92}.Release|Any CPU.Build.0 = Release|Any CPU
	EndGlobalSection
	GlobalSection(SolutionProperties) = preSolution
		HideSolutionNode = FALSE
	EndGlobalSection
	GlobalSection(ExtensibilityGlobals) = postSolution
		SolutionGuid = {646D811D-10A2-43EB-8929-6CA59C4CE2F5}
	EndGlobalSection
EndGlobal
