
Microsoft Visual Studio Solution File, Format Version 12.00
# Visual Studio Version 16
VisualStudioVersion = 16.0.31205.134
MinimumVisualStudioVersion = 10.0.40219.1
Project("{FAE04EC0-301F-11D3-BF4B-00C04F79EFBC}") = "OutCheck", "OutCheck.csproj", "{C5DCD5BB-385E-4BF3-9656-71E53A8B08AE}"
EndProject
Global
	GlobalSection(SolutionConfigurationPlatforms) = preSolution
		Debug|Any CPU = Debug|Any CPU
		Release|Any CPU = Release|Any CPU
	EndGlobalSection
	GlobalSection(ProjectConfigurationPlatforms) = postSolution
		{C5DCD5BB-385E-4BF3-9656-71E53A8B08AE}.Debug|Any CPU.ActiveCfg = Debug|Any CPU
		{C5DCD5BB-385E-4BF3-9656-71E53A8B08AE}.Debug|Any CPU.Build.0 = Debug|Any CPU
		{C5DCD5BB-385E-4BF3-9656-71E53A8B08AE}.Release|Any CPU.ActiveCfg = Release|Any CPU
		{C5DCD5BB-385E-4BF3-9656-71E53A8B08AE}.Release|Any CPU.Build.0 = Release|Any CPU
	EndGlobalSection
	GlobalSection(SolutionProperties) = preSolution
		HideSolutionNode = FALSE
	EndGlobalSection
	GlobalSection(ExtensibilityGlobals) = postSolution
		SolutionGuid = {60B32ECA-2425-4213-8E97-9889A345E3A2}
	EndGlobalSection
EndGlobal
