
Microsoft Visual Studio Solution File, Format Version 12.00
# Visual Studio Version 16
VisualStudioVersion = 16.0.31205.134
MinimumVisualStudioVersion = 10.0.40219.1
Project("{FAE04EC0-301F-11D3-BF4B-00C04F79EFBC}") = "Oveeriding", "Oveeriding.csproj", "{1BF9A0A6-07B9-4061-92D4-CD9306EF362C}"
EndProject
Global
	GlobalSection(SolutionConfigurationPlatforms) = preSolution
		Debug|Any CPU = Debug|Any CPU
		Release|Any CPU = Release|Any CPU
	EndGlobalSection
	GlobalSection(ProjectConfigurationPlatforms) = postSolution
		{1BF9A0A6-07B9-4061-92D4-CD9306EF362C}.Debug|Any CPU.ActiveCfg = Debug|Any CPU
		{1BF9A0A6-07B9-4061-92D4-CD9306EF362C}.Debug|Any CPU.Build.0 = Debug|Any CPU
		{1BF9A0A6-07B9-4061-92D4-CD9306EF362C}.Release|Any CPU.ActiveCfg = Release|Any CPU
		{1BF9A0A6-07B9-4061-92D4-CD9306EF362C}.Release|Any CPU.Build.0 = Release|Any CPU
	EndGlobalSection
	GlobalSection(SolutionProperties) = preSolution
		HideSolutionNode = FALSE
	EndGlobalSection
	GlobalSection(ExtensibilityGlobals) = postSolution
		SolutionGuid = {00D1AE55-CA72-460A-878E-1B1723014C09}
	EndGlobalSection
EndGlobal
