
Microsoft Visual Studio Solution File, Format Version 12.00
# Visual Studio Version 16
VisualStudioVersion = 16.0.31321.278
MinimumVisualStudioVersion = 10.0.40219.1
Project("{FAE04EC0-301F-11D3-BF4B-00C04F79EFBC}") = "GenericClassMethod", "GenericClassMethod.csproj", "{708727B8-24BA-492B-81AE-0D58AF0FDECF}"
EndProject
Global
	GlobalSection(SolutionConfigurationPlatforms) = preSolution
		Debug|Any CPU = Debug|Any CPU
		Release|Any CPU = Release|Any CPU
	EndGlobalSection
	GlobalSection(ProjectConfigurationPlatforms) = postSolution
		{708727B8-24BA-492B-81AE-0D58AF0FDECF}.Debug|Any CPU.ActiveCfg = Debug|Any CPU
		{708727B8-24BA-492B-81AE-0D58AF0FDECF}.Debug|Any CPU.Build.0 = Debug|Any CPU
		{708727B8-24BA-492B-81AE-0D58AF0FDECF}.Release|Any CPU.ActiveCfg = Release|Any CPU
		{708727B8-24BA-492B-81AE-0D58AF0FDECF}.Release|Any CPU.Build.0 = Release|Any CPU
	EndGlobalSection
	GlobalSection(SolutionProperties) = preSolution
		HideSolutionNode = FALSE
	EndGlobalSection
	GlobalSection(ExtensibilityGlobals) = postSolution
		SolutionGuid = {7A6E58C8-2D0C-4F3F-9F9F-649C5700D73F}
	EndGlobalSection
EndGlobal
